
Microsoft Visual Studio Solution File, Format Version 12.00
Project("{2150E333-8FDC-42A3-9474-1A3956D46DE8}") = "src", "src", "{A0BA4DFA-A41F-4FC3-9407-88A16F443501}"
EndProject
Project("{2150E333-8FDC-42A3-9474-1A3956D46DE8}") = "tests", "tests", "{C052DDD6-EA7E-44BA-8E85-16D4DB00DED5}"
EndProject
Project("{FAE04EC0-301F-11D3-BF4B-00C04F79EFBC}") = "TutorBot.Domain", "TutorBot.Domain\TutorBot.Domain.csproj", "{3C426CC2-621C-44F3-A73D-FA1722EB0A10}"
EndProject
Project("{FAE04EC0-301F-11D3-BF4B-00C04F79EFBC}") = "TutorBot.Application", "TutorBot.Application\TutorBot.Application.csproj", "{CD27E340-5640-4188-A15E-0A362198EB32}"
EndProject
Project("{FAE04EC0-301F-11D3-BF4B-00C04F79EFBC}") = "TutorBot.Infrastructure", "TutorBot.Infrastructure\TutorBot.Infrastructure.csproj", "{99EBBA2F-62A4-4F77-9BC3-84FAFA6A0704}"
EndProject
Project("{FAE04EC0-301F-11D3-BF4B-00C04F79EFBC}") = "TutorBot.Api", "TutorBot.Api\TutorBot.Api.csproj", "{63A8DA75-0028-488A-8C63-701B1F4FBC57}"
EndProject
Global
	GlobalSection(SolutionConfigurationPlatforms) = preSolution
		Debug|Any CPU = Debug|Any CPU
		Release|Any CPU = Release|Any CPU
	EndGlobalSection
	GlobalSection(NestedProjects) = preSolution
		{3C426CC2-621C-44F3-A73D-FA1722EB0A10} = {A0BA4DFA-A41F-4FC3-9407-88A16F443501}
		{CD27E340-5640-4188-A15E-0A362198EB32} = {A0BA4DFA-A41F-4FC3-9407-88A16F443501}
		{99EBBA2F-62A4-4F77-9BC3-84FAFA6A0704} = {A0BA4DFA-A41F-4FC3-9407-88A16F443501}
		{63A8DA75-0028-488A-8C63-701B1F4FBC57} = {A0BA4DFA-A41F-4FC3-9407-88A16F443501}
	EndGlobalSection
	GlobalSection(ProjectConfigurationPlatforms) = postSolution
		{3C426CC2-621C-44F3-A73D-FA1722EB0A10}.Debug|Any CPU.ActiveCfg = Debug|Any CPU
		{3C426CC2-621C-44F3-A73D-FA1722EB0A10}.Debug|Any CPU.Build.0 = Debug|Any CPU
		{3C426CC2-621C-44F3-A73D-FA1722EB0A10}.Release|Any CPU.ActiveCfg = Release|Any CPU
		{3C426CC2-621C-44F3-A73D-FA1722EB0A10}.Release|Any CPU.Build.0 = Release|Any CPU
		{CD27E340-5640-4188-A15E-0A362198EB32}.Debug|Any CPU.ActiveCfg = Debug|Any CPU
		{CD27E340-5640-4188-A15E-0A362198EB32}.Debug|Any CPU.Build.0 = Debug|Any CPU
		{CD27E340-5640-4188-A15E-0A362198EB32}.Release|Any CPU.ActiveCfg = Release|Any CPU
		{CD27E340-5640-4188-A15E-0A362198EB32}.Release|Any CPU.Build.0 = Release|Any CPU
		{99EBBA2F-62A4-4F77-9BC3-84FAFA6A0704}.Debug|Any CPU.ActiveCfg = Debug|Any CPU
		{99EBBA2F-62A4-4F77-9BC3-84FAFA6A0704}.Debug|Any CPU.Build.0 = Debug|Any CPU
		{99EBBA2F-62A4-4F77-9BC3-84FAFA6A0704}.Release|Any CPU.ActiveCfg = Release|Any CPU
		{99EBBA2F-62A4-4F77-9BC3-84FAFA6A0704}.Release|Any CPU.Build.0 = Release|Any CPU
		{63A8DA75-0028-488A-8C63-701B1F4FBC57}.Debug|Any CPU.ActiveCfg = Debug|Any CPU
		{63A8DA75-0028-488A-8C63-701B1F4FBC57}.Debug|Any CPU.Build.0 = Debug|Any CPU
		{63A8DA75-0028-488A-8C63-701B1F4FBC57}.Release|Any CPU.ActiveCfg = Release|Any CPU
		{63A8DA75-0028-488A-8C63-701B1F4FBC57}.Release|Any CPU.Build.0 = Release|Any CPU
	EndGlobalSection
EndGlobal
